
Microsoft Visual Studio Solution File, Format Version 12.00
# Visual Studio Version 16
VisualStudioVersion = 16.0.31515.178
MinimumVisualStudioVersion = 10.0.40219.1
Project("{FAE04EC0-301F-11D3-BF4B-00C04F79EFBC}") = "MoodAnalyzer", "MoodAnalyzer\MoodAnalyzer.csproj", "{A15EE58C-5637-46E7-80EE-60995D62694D}"
EndProject
Project("{FAE04EC0-301F-11D3-BF4B-00C04F79EFBC}") = "MsTestCase1", "MsTestCase1\MsTestCase1.csproj", "{03AA459C-9E0F-4502-BDA9-FF702A7C9293}"
EndProject
Global
	GlobalSection(SolutionConfigurationPlatforms) = preSolution
		Debug|Any CPU = Debug|Any CPU
		Release|Any CPU = Release|Any CPU
	EndGlobalSection
	GlobalSection(ProjectConfigurationPlatforms) = postSolution
		{A15EE58C-5637-46E7-80EE-60995D62694D}.Debug|Any CPU.ActiveCfg = Debug|Any CPU
		{A15EE58C-5637-46E7-80EE-60995D62694D}.Debug|Any CPU.Build.0 = Debug|Any CPU
		{A15EE58C-5637-46E7-80EE-60995D62694D}.Release|Any CPU.ActiveCfg = Release|Any CPU
		{A15EE58C-5637-46E7-80EE-60995D62694D}.Release|Any CPU.Build.0 = Release|Any CPU
		{03AA459C-9E0F-4502-BDA9-FF702A7C9293}.Debug|Any CPU.ActiveCfg = Debug|Any CPU
		{03AA459C-9E0F-4502-BDA9-FF702A7C9293}.Debug|Any CPU.Build.0 = Debug|Any CPU
		{03AA459C-9E0F-4502-BDA9-FF702A7C9293}.Release|Any CPU.ActiveCfg = Release|Any CPU
		{03AA459C-9E0F-4502-BDA9-FF702A7C9293}.Release|Any CPU.Build.0 = Release|Any CPU
	EndGlobalSection
	GlobalSection(SolutionProperties) = preSolution
		HideSolutionNode = FALSE
	EndGlobalSection
	GlobalSection(ExtensibilityGlobals) = postSolution
		SolutionGuid = {474530C2-395E-4FD7-A039-9F983B755AB2}
	EndGlobalSection
EndGlobal
